Microsoft Visual Studio Solution File, Format Version 12.00
# Visual Studio Version 16
VisualStudioVersion = 16.0.32413.511
MinimumVisualStudioVersion = 10.0.40219.1
Project("{9A19103F-16F7-4668-BE54-9A1E7A4F7556}") = "Core", "Core\Core.csproj", "{DA32FFAE-4610-429A-8C4F-9D6967E780FB}"
EndProject
Project("{FAE04EC0-301F-11D3-BF4B-00C04F79EFBC}") = "FCFS.Console", "FCFS.Console\FCFS.Console.csproj", "{3462143D-A422-4899-8E5E-E92880B5182C}"
EndProject
Global
	GlobalSection(SolutionConfigurationPlatforms) = preSolution
		Debug|Any CPU = Debug|Any CPU
		Release|Any CPU = Release|Any CPU
	EndGlobalSection
	GlobalSection(ProjectConfigurationPlatforms) = postSolution
		{DA32FFAE-4610-429A-8C4F-9D6967E780FB}.Debug|Any CPU.ActiveCfg = Debug|Any CPU
		{DA32FFAE-4610-429A-8C4F-9D6967E780FB}.Debug|Any CPU.Build.0 = Debug|Any CPU
		{DA32FFAE-4610-429A-8C4F-9D6967E780FB}.Release|Any CPU.ActiveCfg = Release|Any CPU
		{DA32FFAE-4610-429A-8C4F-9D6967E780FB}.Release|Any CPU.Build.0 = Release|Any CPU
		{3462143D-A422-4899-8E5E-E92880B5182C}.Debug|Any CPU.ActiveCfg = Debug|Any CPU
		{3462143D-A422-4899-8E5E-E92880B5182C}.Debug|Any CPU.Build.0 = Debug|Any CPU
		{3462143D-A422-4899-8E5E-E92880B5182C}.Release|Any CPU.ActiveCfg = Release|Any CPU
		{3462143D-A422-4899-8E5E-E92880B5182C}.Release|Any CPU.Build.0 = Release|Any CPU
		{F8774187-0D8E-4130-9EA5-F4DB0C08AAA2}.Debug|Any CPU.ActiveCfg = Debug|Any CPU
		{F8774187-0D8E-4130-9EA5-F4DB0C08AAA2}.Debug|Any CPU.Build.0 = Debug|Any CPU
		{F8774187-0D8E-4130-9EA5-F4DB0C08AAA2}.Release|Any CPU.ActiveCfg = Release|Any CPU
		{F8774187-0D8E-4130-9EA5-F4DB0C08AAA2}.Release|Any CPU.Build.0 = Release|Any CPU
	EndGlobalSection
	GlobalSection(SolutionProperties) = preSolution
		HideSolutionNode = FALSE
	EndGlobalSection
	GlobalSection(ExtensibilityGlobals) = postSolution
		SolutionGuid = {2453DF9A-3998-48CF-8FCE-5B3D59EC880A}
	EndGlobalSection
EndGlobal
